
Microsoft Visual Studio Solution File, Format Version 12.00
# Visual Studio Version 17
VisualStudioVersion = 17.13.35825.156 d17.13
MinimumVisualStudioVersion = 10.0.40219.1
Project("{FAE04EC0-301F-11D3-BF4B-00C04F79EFBC}") = "CareProviderAPI", "CareProviderAPI.csproj", "{9C1EDA3B-EAB7-427E-98AD-3111DA105C41}"
EndProject
Global
	GlobalSection(SolutionConfigurationPlatforms) = preSolution
		Debug|Any CPU = Debug|Any CPU
		Release|Any CPU = Release|Any CPU
	EndGlobalSection
	GlobalSection(ProjectConfigurationPlatforms) = postSolution
		{9C1EDA3B-EAB7-427E-98AD-3111DA105C41}.Debug|Any CPU.ActiveCfg = Debug|Any CPU
		{9C1EDA3B-EAB7-427E-98AD-3111DA105C41}.Debug|Any CPU.Build.0 = Debug|Any CPU
		{9C1EDA3B-EAB7-427E-98AD-3111DA105C41}.Release|Any CPU.ActiveCfg = Release|Any CPU
		{9C1EDA3B-EAB7-427E-98AD-3111DA105C41}.Release|Any CPU.Build.0 = Release|Any CPU
	EndGlobalSection
	GlobalSection(SolutionProperties) = preSolution
		HideSolutionNode = FALSE
	EndGlobalSection
	GlobalSection(ExtensibilityGlobals) = postSolution
		SolutionGuid = {78F62B17-F11B-4512-9600-664273608C4D}
	EndGlobalSection
EndGlobal
